[[package]]
category = "dev"
description = "Atomic file writes."
marker = "sys_platform == \"win32\""
name = "atomicwrites"
optional = false
python-versions = ">=2.7, !=3.0.*, !=3.1.*, !=3.2.*, !=3.3.*"
version = "1.3.0"

[[package]]
category = "dev"
description = "Classes Without Boilerplate"
name = "attrs"
optional = false
python-versions = ">=2.7, !=3.0.*, !=3.1.*, !=3.2.*, !=3.3.*"
version = "19.3.0"

[package.extras]
azure-pipelines = ["coverage", "hypothesis", "pympler", "pytest (>=4.3.0)", "six", "zope.interface", "pytest-azurepipelines"]
dev = ["coverage", "hypothesis", "pympler", "pytest (>=4.3.0)", "six", "zope.interface", "sphinx", "pre-commit"]
docs = ["sphinx", "zope.interface"]
tests = ["coverage", "hypothesis", "pympler", "pytest (>=4.3.0)", "six", "zope.interface"]

[[package]]
category = "main"
description = "Extensible memoizing collections and decorators"
name = "cachetools"
optional = false
python-versions = "~=3.5"
version = "4.0.0"

[[package]]
category = "main"
description = "Python package for providing Mozilla's CA Bundle."
name = "certifi"
optional = false
python-versions = "*"
version = "2019.11.28"

[[package]]
category = "main"
description = "Universal encoding detector for Python 2 and 3"
name = "chardet"
optional = false
python-versions = "*"
version = "3.0.4"

[[package]]
category = "main"
description = "Cross-platform colored terminal text."
marker = "sys_platform == \"win32\""
name = "colorama"
optional = false
python-versions = ">=2.7, !=3.0.*, !=3.1.*, !=3.2.*, !=3.3.*, !=3.4.*"
version = "0.4.3"

[[package]]
category = "main"
description = "Clean single-source support for Python 3 and 2"
name = "future"
optional = false
python-versions = ">=2.6, !=3.0.*, !=3.1.*, !=3.2.*"
version = "0.18.2"

[[package]]
category = "main"
description = "Google API client core library"
name = "google-api-core"
optional = false
python-versions = ">=2.7,!=3.0.*,!=3.1.*,!=3.2.*,!=3.3.*"
version = "1.16.0"

[package.dependencies]
google-auth = ">=0.4.0,<2.0dev"
googleapis-common-protos = ">=1.6.0,<2.0dev"
protobuf = ">=3.4.0"
pytz = "*"
requests = ">=2.18.0,<3.0.0dev"
setuptools = ">=34.0.0"
six = ">=1.10.0"

[package.extras]
grpc = ["grpcio (>=1.8.2,<2.0dev)"]
grpcgcp = ["grpcio-gcp (>=0.2.2)"]
grpcio-gcp = ["grpcio-gcp (>=0.2.2)"]

[[package]]
category = "main"
description = "Google Authentication Library"
name = "google-auth"
optional = false
python-versions = ">=2.7,!=3.0.*,!=3.1.*,!=3.2.*,!=3.3.*"
version = "1.11.0"

[package.dependencies]
cachetools = ">=2.0.0,<5.0"
pyasn1-modules = ">=0.2.1"
rsa = ">=3.1.4,<4.1"
setuptools = ">=40.3.0"
six = ">=1.9.0"

[[package]]
category = "main"
description = "Google BigQuery API client library"
name = "google-cloud-bigquery"
optional = false
python-versions = ">=2.7,!=3.0.*,!=3.1.*,!=3.2.*,!=3.3.*"
version = "1.24.0"

[package.dependencies]
google-api-core = ">=1.15.0,<2.0dev"
google-auth = ">=1.9.0,<2.0dev"
google-cloud-core = ">=1.1.0,<2.0dev"
google-resumable-media = ">=0.5.0,<0.6dev"
protobuf = ">=3.6.0"
six = ">=1.13.0,<2.0.0dev"

[package.extras]
all = ["google-cloud-bigquery-storage (>=0.6.0,<2.0.0dev)", "pyarrow (>=0.13.0,<0.14.0 || >0.14.0)", "pandas (>=0.17.1)", "pyarrow (>=0.4.1,<0.14.0 || >0.14.0)", "tqdm (>=4.0.0,<5.0.0dev)"]
bqstorage = ["google-cloud-bigquery-storage (>=0.6.0,<2.0.0dev)", "pyarrow (>=0.13.0,<0.14.0 || >0.14.0)"]
fastparquet = ["fastparquet", "python-snappy"]
pandas = ["pandas (>=0.17.1)"]
pyarrow = ["pyarrow (>=0.4.1,<0.14.0 || >0.14.0)"]
tqdm = ["tqdm (>=4.0.0,<5.0.0dev)"]

[[package]]
category = "main"
description = "Google Cloud API client core library"
name = "google-cloud-core"
optional = false
python-versions = ">=2.7,!=3.0.*,!=3.1.*,!=3.2.*,!=3.3.*"
version = "1.3.0"

[package.dependencies]
google-api-core = ">=1.16.0,<2.0.0dev"

[package.extras]
grpc = ["grpcio (>=1.8.2,<2.0dev)"]

[[package]]
category = "main"
description = "Utilities for Google Media Downloads and Resumable Uploads"
name = "google-resumable-media"
optional = false
python-versions = ">=2.7,!=3.0.*,!=3.1.*,!=3.2.*,!=3.3.*"
version = "0.5.0"

[package.dependencies]
six = "*"

[package.extras]
requests = ["requests (>=2.18.0,<3.0.0dev)"]

[[package]]
category = "main"
description = "Common protobufs used in Google APIs"
name = "googleapis-common-protos"
optional = false
python-versions = "*"
version = "1.51.0"

[package.dependencies]
protobuf = ">=3.6.0"

[package.extras]
grpc = ["grpcio (>=1.0.0)"]

[[package]]
category = "main"
description = "Internationalized Domain Names in Applications (IDNA)"
name = "idna"
optional = false
python-versions = ">=2.7, !=3.0.*, !=3.1.*, !=3.2.*, !=3.3.*"
version = "2.8"

[[package]]
category = "main"
description = "Python logging made (stupidly) simple"
name = "loguru"
optional = false
python-versions = ">=3.5"
version = "0.4.1"

[package.dependencies]
colorama = ">=0.3.4"
win32-setctime = ">=1.0.0"

[package.extras]
dev = ["codecov (>=2.0.15)", "colorama (>=0.3.4)", "flake8 (>=3.7.7)", "isort (>=4.3.20)", "tox (>=3.9.0)", "tox-travis (>=0.12)", "pytest (>=4.6.2)", "pytest-cov (>=2.7.1)", "Sphinx (>=2.2.1)", "sphinx-autobuild (>=0.7.1)", "sphinx-rtd-theme (>=0.4.3)", "black (>=19.3b0)"]

[[package]]
category = "dev"
description = "More routines for operating on iterables, beyond itertools"
name = "more-itertools"
optional = false
python-versions = ">=3.5"
version = "8.2.0"

[[package]]
category = "dev"
description = "Core utilities for Python packages"
name = "packaging"
optional = false
python-versions = ">=2.7, !=3.0.*, !=3.1.*, !=3.2.*, !=3.3.*"
version = "20.1"

[package.dependencies]
pyparsing = ">=2.0.2"
six = "*"

[[package]]
category = "dev"
description = "plugin and hook calling mechanisms for python"
name = "pluggy"
optional = false
python-versions = ">=2.7, !=3.0.*, !=3.1.*, !=3.2.*, !=3.3.*"
version = "0.13.1"

[package.extras]
dev = ["pre-commit", "tox"]

[[package]]
category = "main"
description = "Protocol Buffers"
name = "protobuf"
optional = false
python-versions = "*"
version = "3.11.3"

[package.dependencies]
setuptools = "*"
six = ">=1.9"

[[package]]
category = "dev"
description = "library with cross-python path, ini-parsing, io, code, log facilities"
name = "py"
optional = false
python-versions = ">=2.7, !=3.0.*, !=3.1.*, !=3.2.*, !=3.3.*"
version = "1.8.1"

[[package]]
category = "main"
description = "ASN.1 types and codecs"
name = "pyasn1"
optional = false
python-versions = "*"
version = "0.4.8"

[[package]]
category = "main"
description = "A collection of ASN.1-based protocols modules."
name = "pyasn1-modules"
optional = false
python-versions = "*"
version = "0.2.8"

[package.dependencies]
pyasn1 = ">=0.4.6,<0.5.0"

[[package]]
category = "main"
description = "SQLAlchemy dialect for BigQuery"
name = "pybigquery"
optional = false
python-versions = "*"
version = "0.4.13"

[package.dependencies]
future = "*"
google-cloud-bigquery = ">=1.6.0"
sqlalchemy = ">=1.1.9"

[[package]]
category = "main"
description = "Pure Python MySQL Driver"
name = "pymysql"
optional = false
python-versions = "*"
version = "0.9.3"

[package.extras]
rsa = ["cryptography"]

[[package]]
category = "dev"
description = "Python parsing module"
name = "pyparsing"
optional = false
python-versions = ">=2.6, !=3.0.*, !=3.1.*, !=3.2.*"
version = "2.4.6"

[[package]]
category = "dev"
description = "pytest: simple powerful testing with Python"
name = "pytest"
optional = false
python-versions = ">=3.5"
version = "5.3.5"

[package.dependencies]
atomicwrites = ">=1.0"
attrs = ">=17.4.0"
colorama = "*"
more-itertools = ">=4.0.0"
packaging = "*"
pluggy = ">=0.12,<1.0"
py = ">=1.5.0"
wcwidth = "*"

[package.extras]
checkqa-mypy = ["mypy (v0.761)"]
testing = ["argcomplete", "hypothesis (>=3.56)", "mock", "nose", "requests", "xmlschema"]

[[package]]
category = "main"
description = "World timezone definitions, modern and historical"
name = "pytz"
optional = false
python-versions = "*"
version = "2019.3"

[[package]]
category = "main"
description = "Python HTTP for Humans."
name = "requests"
optional = false
python-versions = ">=2.7, !=3.0.*, !=3.1.*, !=3.2.*, !=3.3.*, !=3.4.*"
version = "2.22.0"

[package.dependencies]
certifi = ">=2017.4.17"
chardet = ">=3.0.2,<3.1.0"
idna = ">=2.5,<2.9"
urllib3 = ">=1.21.1,<1.25.0 || >1.25.0,<1.25.1 || >1.25.1,<1.26"

[package.extras]
security = ["pyOpenSSL (>=0.14)", "cryptography (>=1.3.4)", "idna (>=2.0.0)"]
socks = ["PySocks (>=1.5.6,<1.5.7 || >1.5.7)", "win-inet-pton"]

[[package]]
category = "main"
description = "Pure-Python RSA implementation"
name = "rsa"
optional = false
python-versions = "*"
version = "4.0"

[package.dependencies]
pyasn1 = ">=0.1.3"

[[package]]
category = "main"
description = "Python 2 and 3 compatibility utilities"
name = "six"
optional = false
python-versions = ">=2.7, !=3.0.*, !=3.1.*, !=3.2.*"
version = "1.14.0"

[[package]]
category = "main"
description = "Database Abstraction Library"
name = "sqlalchemy"
optional = false
python-versions = ">=2.7, !=3.0.*, !=3.1.*, !=3.2.*, !=3.3.*"
version = "1.3.13"

[package.extras]
mssql = ["pyodbc"]
mssql_pymssql = ["pymssql"]
mssql_pyodbc = ["pyodbc"]
mysql = ["mysqlclient"]
oracle = ["cx-oracle"]
postgresql = ["psycopg2"]
postgresql_pg8000 = ["pg8000"]
postgresql_psycopg2binary = ["psycopg2-binary"]
postgresql_psycopg2cffi = ["psycopg2cffi"]
pymysql = ["pymysql"]

[[package]]
category = "main"
description = "HTTP library with thread-safe connection pooling, file post, and more."
name = "urllib3"
optional = false
python-versions = ">=2.7, !=3.0.*, !=3.1.*, !=3.2.*, !=3.3.*, !=3.4.*, <4"
version = "1.25.8"

[package.extras]
brotli = ["brotlipy (>=0.6.0)"]
secure = ["pyOpenSSL (>=0.14)", "cryptography (>=1.3.4)", "idna (>=2.0.0)", "certifi", "ipaddress"]
socks = ["PySocks (>=1.5.6,<1.5.7 || >1.5.7,<2.0)"]

[[package]]
category = "dev"
description = "Measures number of Terminal column cells of wide-character codes"
name = "wcwidth"
optional = false
python-versions = "*"
version = "0.1.8"

[[package]]
category = "main"
description = "A small Python utility to set file creation time on Windows"
marker = "sys_platform == \"win32\""
name = "win32-setctime"
optional = false
python-versions = ">=3.5"
version = "1.0.1"

[package.extras]
dev = ["pytest (>=4.6.2)", "black (>=19.3b0)"]

[metadata]
content-hash = "2b2c54a7b08d8a11a0e1295ac84dc86b479b40efc8cf9979bca20dfaca413ce1"
python-versions = "^3.8"

[metadata.files]
atomicwrites = [
    {file = "atomicwrites-1.3.0-py2.py3-none-any.whl", hash = "sha256:03472c30eb2c5d1ba9227e4c2ca66ab8287fbfbbda3888aa93dc2e28fc6811b4"},
    {file = "atomicwrites-1.3.0.tar.gz", hash = "sha256:75a9445bac02d8d058d5e1fe689654ba5a6556a1dfd8ce6ec55a0ed79866cfa6"},
]
attrs = [
    {file = "attrs-19.3.0-py2.py3-none-any.whl", hash = "sha256:08a96c641c3a74e44eb59afb61a24f2cb9f4d7188748e76ba4bb5edfa3cb7d1c"},
    {file = "attrs-19.3.0.tar.gz", hash = "sha256:f7b7ce16570fe9965acd6d30101a28f62fb4a7f9e926b3bbc9b61f8b04247e72"},
]
cachetools = [
    {file = "cachetools-4.0.0-py3-none-any.whl", hash = "sha256:b304586d357c43221856be51d73387f93e2a961598a9b6b6670664746f3b6c6c"},
    {file = "cachetools-4.0.0.tar.gz", hash = "sha256:9a52dd97a85f257f4e4127f15818e71a0c7899f121b34591fcc1173ea79a0198"},
]
certifi = [
    {file = "certifi-2019.11.28-py2.py3-none-any.whl", hash = "sha256:017c25db2a153ce562900032d5bc68e9f191e44e9a0f762f373977de9df1fbb3"},
    {file = "certifi-2019.11.28.tar.gz", hash = "sha256:25b64c7da4cd7479594d035c08c2d809eb4aab3a26e5a990ea98cc450c320f1f"},
]
chardet = [
    {file = "chardet-3.0.4-py2.py3-none-any.whl", hash = "sha256:fc323ffcaeaed0e0a02bf4d117757b98aed530d9ed4531e3e15460124c106691"},
    {file = "chardet-3.0.4.tar.gz", hash = "sha256:84ab92ed1c4d4f16916e05906b6b75a6c0fb5db821cc65e70cbd64a3e2a5eaae"},
]
colorama = [
    {file = "colorama-0.4.3-py2.py3-none-any.whl", hash = "sha256:7d73d2a99753107a36ac6b455ee49046802e59d9d076ef8e47b61499fa29afff"},
    {file = "colorama-0.4.3.tar.gz", hash = "sha256:e96da0d330793e2cb9485e9ddfd918d456036c7149416295932478192f4436a1"},
]
future = [
    {file = "future-0.18.2.tar.gz", hash = "sha256:b1bead90b70cf6ec3f0710ae53a525360fa360d306a86583adc6bf83a4db537d"},
]
google-api-core = [
    {file = "google-api-core-1.16.0.tar.gz", hash = "sha256:92e962a087f1c4b8d1c5c88ade1c1dfd550047dcffb320c57ef6a534a20403e2"},
    {file = "google_api_core-1.16.0-py2.py3-none-any.whl", hash = "sha256:859f7392676761f2b160c6ee030c3422135ada4458f0948c5690a6a7c8d86294"},
]
google-auth = [
    {file = "google-auth-1.11.0.tar.gz", hash = "sha256:44549e69ac39acf41fdf47f3f39a06e4e68378476806760d94a2c6a361b2bb06"},
    {file = "google_auth-1.11.0-py2.py3-none-any.whl", hash = "sha256:b2d83edc02a9deeed9b1b839046671fd9eda223d21bd2dd50051559787032fd8"},
]
google-cloud-bigquery = [
    {file = "google-cloud-bigquery-1.24.0.tar.gz", hash = "sha256:7ffcceed8becea20cb4ce4bdf9b924822780416ff1a9d497f9a1238a3f1442b1"},
    {file = "google_cloud_bigquery-1.24.0-py2.py3-none-any.whl", hash = "sha256:23c9180e87f6093eb6f2ae880d7f7697fdab991a4616439ad0f95cd37014f0dd"},
]
google-cloud-core = [
    {file = "google-cloud-core-1.3.0.tar.gz", hash = "sha256:878f9ad080a40cdcec85b92242c4b5819eeb8f120ebc5c9f640935e24fc129d8"},
    {file = "google_cloud_core-1.3.0-py2.py3-none-any.whl", hash = "sha256:6ae5c62931e8345692241ac1939b85a10d6c38dc9e2854bdbacb7e5ac3033229"},
]
google-resumable-media = [
    {file = "google-resumable-media-0.5.0.tar.gz", hash = "sha256:2a8fd188afe1cbfd5998bf20602f76b0336aa892de88fe842a806b9a3ed78d2a"},
    {file = "google_resumable_media-0.5.0-py2.py3-none-any.whl", hash = "sha256:b86140d5a0b6d290084b11bde90ee9aecad357ba0e0d67388d016b8340320927"},
]
googleapis-common-protos = [
    {file = "googleapis-common-protos-1.51.0.tar.gz", hash = "sha256:013c91704279119150e44ef770086fdbba158c1f978a6402167d47d5409e226e"},
]
idna = [
    {file = "idna-2.8-py2.py3-none-any.whl", hash = "sha256:ea8b7f6188e6fa117537c3df7da9fc686d485087abf6ac197f9c46432f7e4a3c"},
    {file = "idna-2.8.tar.gz", hash = "sha256:c357b3f628cf53ae2c4c05627ecc484553142ca23264e593d327bcde5e9c3407"},
]
loguru = [
    {file = "loguru-0.4.1-py3-none-any.whl", hash = "sha256:074b3caa6748452c1e4f2b302093c94b65d5a4c5a4d7743636b4121e06437b0e"},
    {file = "loguru-0.4.1.tar.gz", hash = "sha256:a6101fd435ac89ba5205a105a26a6ede9e4ddbb4408a6e167852efca47806d11"},
]
more-itertools = [
    {file = "more-itertools-8.2.0.tar.gz", hash = "sha256:b1ddb932186d8a6ac451e1d95844b382f55e12686d51ca0c68b6f61f2ab7a507"},
    {file = "more_itertools-8.2.0-py3-none-any.whl", hash = "sha256:5dd8bcf33e5f9513ffa06d5ad33d78f31e1931ac9a18f33d37e77a180d393a7c"},
]
packaging = [
    {file = "packaging-20.1-py2.py3-none-any.whl", hash = "sha256:170748228214b70b672c581a3dd610ee51f733018650740e98c7df862a583f73"},
    {file = "packaging-20.1.tar.gz", hash = "sha256:e665345f9eef0c621aa0bf2f8d78cf6d21904eef16a93f020240b704a57f1334"},
]
pluggy = [
    {file = "pluggy-0.13.1-py2.py3-none-any.whl", hash = "sha256:966c145cd83c96502c3c3868f50408687b38434af77734af1e9ca461a4081d2d"},
    {file = "pluggy-0.13.1.tar.gz", hash = "sha256:15b2acde666561e1298d71b523007ed7364de07029219b604cf808bfa1c765b0"},
]
protobuf = [
    {file = "protobuf-3.11.3-cp27-cp27m-macosx_10_9_x86_64.whl", hash = "sha256:ef2c2e56aaf9ee914d3dccc3408d42661aaf7d9bb78eaa8f17b2e6282f214481"},
    {file = "protobuf-3.11.3-cp27-cp27mu-manylinux1_x86_64.whl", hash = "sha256:dd9aa4401c36785ea1b6fff0552c674bdd1b641319cb07ed1fe2392388e9b0d7"},
    {file = "protobuf-3.11.3-cp35-cp35m-macosx_10_9_intel.whl", hash = "sha256:310a7aca6e7f257510d0c750364774034272538d51796ca31d42c3925d12a52a"},
    {file = "protobuf-3.11.3-cp35-cp35m-manylinux1_x86_64.whl", hash = "sha256:e512b7f3a4dd780f59f1bf22c302740e27b10b5c97e858a6061772668cd6f961"},
    {file = "protobuf-3.11.3-cp35-cp35m-win32.whl", hash = "sha256:fdfb6ad138dbbf92b5dbea3576d7c8ba7463173f7d2cb0ca1bd336ec88ddbd80"},
    {file = "protobuf-3.11.3-cp35-cp35m-win_amd64.whl", hash = "sha256:e2f8a75261c26b2f5f3442b0525d50fd79a71aeca04b5ec270fc123536188306"},
    {file = "protobuf-3.11.3-cp36-cp36m-macosx_10_9_x86_64.whl", hash = "sha256:c40973a0aee65422d8cb4e7d7cbded95dfeee0199caab54d5ab25b63bce8135a"},
    {file = "protobuf-3.11.3-cp36-cp36m-manylinux1_x86_64.whl", hash = "sha256:adf0e4d57b33881d0c63bb11e7f9038f98ee0c3e334c221f0858f826e8fb0151"},
    {file = "protobuf-3.11.3-cp36-cp36m-win32.whl", hash = "sha256:0bae429443cc4748be2aadfdaf9633297cfaeb24a9a02d0ab15849175ce90fab"},
    {file = "protobuf-3.11.3-cp36-cp36m-win_amd64.whl", hash = "sha256:e11df1ac6905e81b815ab6fd518e79be0a58b5dc427a2cf7208980f30694b956"},
    {file = "protobuf-3.11.3-cp37-cp37m-macosx_10_9_x86_64.whl", hash = "sha256:7774bbbaac81d3ba86de646c39f154afc8156717972bf0450c9dbfa1dc8dbea2"},
    {file = "protobuf-3.11.3-cp37-cp37m-manylinux1_x86_64.whl", hash = "sha256:8eb9c93798b904f141d9de36a0ba9f9b73cc382869e67c9e642c0aba53b0fc07"},
    {file = "protobuf-3.11.3-cp37-cp37m-win32.whl", hash = "sha256:fac513a9dc2a74b99abd2e17109b53945e364649ca03d9f7a0b96aa8d1807d0a"},
    {file = "protobuf-3.11.3-cp37-cp37m-win_amd64.whl", hash = "sha256:82d7ac987715d8d1eb4068bf997f3053468e0ce0287e2729c30601feb6602fee"},
    {file = "protobuf-3.11.3-cp38-cp38-macosx_10_9_x86_64.whl", hash = "sha256:73152776dc75f335c476d11d52ec6f0f6925774802cd48d6189f4d5d7fe753f4"},
    {file = "protobuf-3.11.3-cp38-cp38-manylinux1_x86_64.whl", hash = "sha256:52e586072612c1eec18e1174f8e3bb19d08f075fc2e3f91d3b16c919078469d0"},
    {file = "protobuf-3.11.3-py2.7.egg", hash = "sha256:2affcaba328c4662f3bc3c0e9576ea107906b2c2b6422344cdad961734ff6b93"},
    {file = "protobuf-3.11.3-py2.py3-none-any.whl", hash = "sha256:24e3b6ad259544d717902777b33966a1a069208c885576254c112663e6a5bb0f"},
    {file = "protobuf-3.11.3.tar.gz", hash = "sha256:c77c974d1dadf246d789f6dad1c24426137c9091e930dbf50e0a29c1fcf00b1f"},
]
py = [
    {file = "py-1.8.1-py2.py3-none-any.whl", hash = "sha256:c20fdd83a5dbc0af9efd622bee9a5564e278f6380fffcacc43ba6f43db2813b0"},
    {file = "py-1.8.1.tar.gz", hash = "sha256:5e27081401262157467ad6e7f851b7aa402c5852dbcb3dae06768434de5752aa"},
]
pyasn1 = [
    {file = "pyasn1-0.4.8-py2.4.egg", hash = "sha256:fec3e9d8e36808a28efb59b489e4528c10ad0f480e57dcc32b4de5c9d8c9fdf3"},
    {file = "pyasn1-0.4.8-py2.5.egg", hash = "sha256:0458773cfe65b153891ac249bcf1b5f8f320b7c2ce462151f8fa74de8934becf"},
    {file = "pyasn1-0.4.8-py2.6.egg", hash = "sha256:5c9414dcfede6e441f7e8f81b43b34e834731003427e5b09e4e00e3172a10f00"},
    {file = "pyasn1-0.4.8-py2.7.egg", hash = "sha256:6e7545f1a61025a4e58bb336952c5061697da694db1cae97b116e9c46abcf7c8"},
    {file = "pyasn1-0.4.8-py2.py3-none-any.whl", hash = "sha256:39c7e2ec30515947ff4e87fb6f456dfc6e84857d34be479c9d4a4ba4bf46aa5d"},
    {file = "pyasn1-0.4.8-py3.1.egg", hash = "sha256:78fa6da68ed2727915c4767bb386ab32cdba863caa7dbe473eaae45f9959da86"},
    {file = "pyasn1-0.4.8-py3.2.egg", hash = "sha256:08c3c53b75eaa48d71cf8c710312316392ed40899cb34710d092e96745a358b7"},
    {file = "pyasn1-0.4.8-py3.3.egg", hash = "sha256:03840c999ba71680a131cfaee6fab142e1ed9bbd9c693e285cc6aca0d555e576"},
    {file = "pyasn1-0.4.8-py3.4.egg", hash = "sha256:7ab8a544af125fb704feadb008c99a88805126fb525280b2270bb25cc1d78a12"},
    {file = "pyasn1-0.4.8-py3.5.egg", hash = "sha256:e89bf84b5437b532b0803ba5c9a5e054d21fec423a89952a74f87fa2c9b7bce2"},
    {file = "pyasn1-0.4.8-py3.6.egg", hash = "sha256:014c0e9976956a08139dc0712ae195324a75e142284d5f87f1a87ee1b068a359"},
    {file = "pyasn1-0.4.8-py3.7.egg", hash = "sha256:99fcc3c8d804d1bc6d9a099921e39d827026409a58f2a720dcdb89374ea0c776"},
    {file = "pyasn1-0.4.8.tar.gz", hash = "sha256:aef77c9fb94a3ac588e87841208bdec464471d9871bd5050a287cc9a475cd0ba"},
]
pyasn1-modules = [
    {file = "pyasn1-modules-0.2.8.tar.gz", hash = "sha256:905f84c712230b2c592c19470d3ca8d552de726050d1d1716282a1f6146be65e"},
    {file = "pyasn1_modules-0.2.8-py2.4.egg", hash = "sha256:0fe1b68d1e486a1ed5473f1302bd991c1611d319bba158e98b106ff86e1d7199"},
    {file = "pyasn1_modules-0.2.8-py2.5.egg", hash = "sha256:fe0644d9ab041506b62782e92b06b8c68cca799e1a9636ec398675459e031405"},
    {file = "pyasn1_modules-0.2.8-py2.6.egg", hash = "sha256:a99324196732f53093a84c4369c996713eb8c89d360a496b599fb1a9c47fc3eb"},
    {file = "pyasn1_modules-0.2.8-py2.7.egg", hash = "sha256:0845a5582f6a02bb3e1bde9ecfc4bfcae6ec3210dd270522fee602365430c3f8"},
    {file = "pyasn1_modules-0.2.8-py2.py3-none-any.whl", hash = "sha256:a50b808ffeb97cb3601dd25981f6b016cbb3d31fbf57a8b8a87428e6158d0c74"},
    {file = "pyasn1_modules-0.2.8-py3.1.egg", hash = "sha256:f39edd8c4ecaa4556e989147ebf219227e2cd2e8a43c7e7fcb1f1c18c5fd6a3d"},
    {file = "pyasn1_modules-0.2.8-py3.2.egg", hash = "sha256:b80486a6c77252ea3a3e9b1e360bc9cf28eaac41263d173c032581ad2f20fe45"},
    {file = "pyasn1_modules-0.2.8-py3.3.egg", hash = "sha256:65cebbaffc913f4fe9e4808735c95ea22d7a7775646ab690518c056784bc21b4"},
    {file = "pyasn1_modules-0.2.8-py3.4.egg", hash = "sha256:15b7c67fabc7fc240d87fb9aabf999cf82311a6d6fb2c70d00d3d0604878c811"},
    {file = "pyasn1_modules-0.2.8-py3.5.egg", hash = "sha256:426edb7a5e8879f1ec54a1864f16b882c2837bfd06eee62f2c982315ee2473ed"},
    {file = "pyasn1_modules-0.2.8-py3.6.egg", hash = "sha256:cbac4bc38d117f2a49aeedec4407d23e8866ea4ac27ff2cf7fb3e5b570df19e0"},
    {file = "pyasn1_modules-0.2.8-py3.7.egg", hash = "sha256:c29a5e5cc7a3f05926aff34e097e84f8589cd790ce0ed41b67aed6857b26aafd"},
]
pybigquery = [
    {file = "pybigquery-0.4.13.tar.gz", hash = "sha256:0d235c8a4e84b69f49f71cc9181c77d63ccdb33bf927d62fd5a5eaaf7c8882db"},
]
pymysql = [
    {file = "PyMySQL-0.9.3-py2.py3-none-any.whl", hash = "sha256:3943fbbbc1e902f41daf7f9165519f140c4451c179380677e6a848587042561a"},
    {file = "PyMySQL-0.9.3.tar.gz", hash = "sha256:d8c059dcd81dedb85a9f034d5e22dcb4442c0b201908bede99e306d65ea7c8e7"},
]
pyparsing = [
    {file = "pyparsing-2.4.6-py2.py3-none-any.whl", hash = "sha256:c342dccb5250c08d45fd6f8b4a559613ca603b57498511740e65cd11a2e7dcec"},
    {file = "pyparsing-2.4.6.tar.gz", hash = "sha256:4c830582a84fb022400b85429791bc551f1f4871c33f23e44f353119e92f969f"},
]
pytest = [
    {file = "pytest-5.3.5-py3-none-any.whl", hash = "sha256:ff615c761e25eb25df19edddc0b970302d2a9091fbce0e7213298d85fb61fef6"},
    {file = "pytest-5.3.5.tar.gz", hash = "sha256:0d5fe9189a148acc3c3eb2ac8e1ac0742cb7618c084f3d228baaec0c254b318d"},
]
pytz = [
    {file = "pytz-2019.3-py2.py3-none-any.whl", hash = "sha256:1c557d7d0e871de1f5ccd5833f60fb2550652da6be2693c1e02300743d21500d"},
    {file = "pytz-2019.3.tar.gz", hash = "sha256:b02c06db6cf09c12dd25137e563b31700d3b80fcc4ad23abb7a315f2789819be"},
]
requests = [
    {file = "requests-2.22.0-py2.py3-none-any.whl", hash = "sha256:9cf5292fcd0f598c671cfc1e0d7d1a7f13bb8085e9a590f48c010551dc6c4b31"},
    {file = "requests-2.22.0.tar.gz", hash = "sha256:11e007a8a2aa0323f5a921e9e6a2d7e4e67d9877e85773fba9ba6419025cbeb4"},
]
rsa = [
    {file = "rsa-4.0-py2.py3-none-any.whl", hash = "sha256:14ba45700ff1ec9eeb206a2ce76b32814958a98e372006c8fb76ba820211be66"},
    {file = "rsa-4.0.tar.gz", hash = "sha256:1a836406405730121ae9823e19c6e806c62bbad73f890574fff50efa4122c487"},
]
six = [
    {file = "six-1.14.0-py2.py3-none-any.whl", hash = "sha256:8f3cd2e254d8f793e7f3d6d9df77b92252b52637291d0f0da013c76ea2724b6c"},
    {file = "six-1.14.0.tar.gz", hash = "sha256:236bdbdce46e6e6a3d61a337c0f8b763ca1e8717c03b369e87a7ec7ce1319c0a"},
]
sqlalchemy = [
    {file = "SQLAlchemy-1.3.13.tar.gz", hash = "sha256:64a7b71846db6423807e96820993fa12a03b89127d278290ca25c0b11ed7b4fb"},
]
urllib3 = [
    {file = "urllib3-1.25.8-py2.py3-none-any.whl", hash = "sha256:2f3db8b19923a873b3e5256dc9c2dedfa883e33d87c690d9c7913e1f40673cdc"},
    {file = "urllib3-1.25.8.tar.gz", hash = "sha256:87716c2d2a7121198ebcb7ce7cccf6ce5e9ba539041cfbaeecfb641dc0bf6acc"},
]
wcwidth = [
    {file = "wcwidth-0.1.8-py2.py3-none-any.whl", hash = "sha256:8fd29383f539be45b20bd4df0dc29c20ba48654a41e661925e612311e9f3c603"},
    {file = "wcwidth-0.1.8.tar.gz", hash = "sha256:f28b3e8a6483e5d49e7f8949ac1a78314e740333ae305b4ba5defd3e74fb37a8"},
]
win32-setctime = [
    {file = "win32_setctime-1.0.1-py3-none-any.whl", hash = "sha256:568fd636c68350bcc54755213fe01966fe0a6c90b386c0776425944a0382abef"},
    {file = "win32_setctime-1.0.1.tar.gz", hash = "sha256:b47e5023ec7f0b4962950902b15bc56464a380d869f59d27dbf9ab423b23e8f9"},
]
